
Microsoft Visual Studio Solution File, Format Version 12.00
# Visual Studio Version 17
VisualStudioVersion = 17.2.32616.157
MinimumVisualStudioVersion = 10.0.40219.1
Project("{FAE04EC0-301F-11D3-BF4B-00C04F79EFBC}") = "Bridging", "Bridging\Bridging.csproj", "{F593888A-4004-4EFF-8DB6-E88839F1792D}"
EndProject
Global
	GlobalSection(SolutionConfigurationPlatforms) = preSolution
		Debug|Any CPU = Debug|Any CPU
		Release|Any CPU = Release|Any CPU
	EndGlobalSection
	GlobalSection(ProjectConfigurationPlatforms) = postSolution
		{F593888A-4004-4EFF-8DB6-E88839F1792D}.Debug|Any CPU.ActiveCfg = Debug|Any CPU
		{F593888A-4004-4EFF-8DB6-E88839F1792D}.Debug|Any CPU.Build.0 = Debug|Any CPU
		{F593888A-4004-4EFF-8DB6-E88839F1792D}.Release|Any CPU.ActiveCfg = Release|Any CPU
		{F593888A-4004-4EFF-8DB6-E88839F1792D}.Release|Any CPU.Build.0 = Release|Any CPU
	EndGlobalSection
	GlobalSection(SolutionProperties) = preSolution
		HideSolutionNode = FALSE
	EndGlobalSection
	GlobalSection(ExtensibilityGlobals) = postSolution
		SolutionGuid = {F6B48536-DD08-4B1C-9234-C0B487D9BBED}
	EndGlobalSection
EndGlobal
